
Microsoft Visual Studio Solution File, Format Version 12.00
# Visual Studio Version 17
VisualStudioVersion = 17.3.32901.215
MinimumVisualStudioVersion = 10.0.40219.1
Project("{FAE04EC0-301F-11D3-BF4B-00C04F79EFBC}") = "GE.UI.Console", "GestionEquipes\GE.UI.Console.csproj", "{A8576746-3809-4246-89B5-A9F01C6B6841}"
EndProject
Project("{FAE04EC0-301F-11D3-BF4B-00C04F79EFBC}") = "GE.ApplicationCore", "GE.ApplicationCore\GE.ApplicationCore.csproj", "{BE6A9D89-47BE-4FAD-8C14-D20B27D12759}"
EndProject
Global
	GlobalSection(SolutionConfigurationPlatforms) = preSolution
		Debug|Any CPU = Debug|Any CPU
		Release|Any CPU = Release|Any CPU
	EndGlobalSection
	GlobalSection(ProjectConfigurationPlatforms) = postSolution
		{A8576746-3809-4246-89B5-A9F01C6B6841}.Debug|Any CPU.ActiveCfg = Debug|Any CPU
		{A8576746-3809-4246-89B5-A9F01C6B6841}.Debug|Any CPU.Build.0 = Debug|Any CPU
		{A8576746-3809-4246-89B5-A9F01C6B6841}.Release|Any CPU.ActiveCfg = Release|Any CPU
		{A8576746-3809-4246-89B5-A9F01C6B6841}.Release|Any CPU.Build.0 = Release|Any CPU
		{BE6A9D89-47BE-4FAD-8C14-D20B27D12759}.Debug|Any CPU.ActiveCfg = Debug|Any CPU
		{BE6A9D89-47BE-4FAD-8C14-D20B27D12759}.Debug|Any CPU.Build.0 = Debug|Any CPU
		{BE6A9D89-47BE-4FAD-8C14-D20B27D12759}.Release|Any CPU.ActiveCfg = Release|Any CPU
		{BE6A9D89-47BE-4FAD-8C14-D20B27D12759}.Release|Any CPU.Build.0 = Release|Any CPU
	EndGlobalSection
	GlobalSection(SolutionProperties) = preSolution
		HideSolutionNode = FALSE
	EndGlobalSection
	GlobalSection(ExtensibilityGlobals) = postSolution
		SolutionGuid = {2C4235ED-7125-414D-AB6A-C2C3623FB77B}
	EndGlobalSection
EndGlobal
